// !$*UTF8*$!
{
	archiveVersion = 1;
	classes = {
	};
	objectVersion = 50;
	objects = {

/* Begin PBXBuildFile section */
		57023EC7250E747200CF58BF /* ProductModel.swift in Sources */ = {isa = PBXBuildFile; fileRef = 57023EC6250E747200CF58BF /* ProductModel.swift */; };
		57756D8B25053B27007A4634 /* AppDelegate.swift in Sources */ = {isa = PBXBuildFile; fileRef = 57756D8A25053B27007A4634 /* AppDelegate.swift */; };
		57756D8D25053B27007A4634 /* SceneDelegate.swift in Sources */ = {isa = PBXBuildFile; fileRef = 57756D8C25053B27007A4634 /* SceneDelegate.swift */; };
		57756D9225053B27007A4634 /* Main.storyboard in Resources */ = {isa = PBXBuildFile; fileRef = 57756D9025053B27007A4634 /* Main.storyboard */; };
		57756D9425053B28007A4634 /* Assets.xcassets in Resources */ = {isa = PBXBuildFile; fileRef = 57756D9325053B28007A4634 /* Assets.xcassets */; };
		57756D9725053B28007A4634 /* LaunchScreen.storyboard in Resources */ = {isa = PBXBuildFile; fileRef = 57756D9525053B28007A4634 /* LaunchScreen.storyboard */; };
		57756D9F25053E41007A4634 /* HomeScreen.swift in Sources */ = {isa = PBXBuildFile; fileRef = 57756D9E25053E41007A4634 /* HomeScreen.swift */; };
		57C51C4A250680CD0043E97E /* ProductCollectionViewCell.swift in Sources */ = {isa = PBXBuildFile; fileRef = 57C51C48250680CD0043E97E /* ProductCollectionViewCell.swift */; };
		57C51C4B250680CD0043E97E /* ProductCollectionViewCell.xib in Resources */ = {isa = PBXBuildFile; fileRef = 57C51C49250680CD0043E97E /* ProductCollectionViewCell.xib */; };
		57C51C50250685D10043E97E /* ProductDto.swift in Sources */ = {isa = PBXBuildFile; fileRef = 57C51C4F250685D10043E97E /* ProductDto.swift */; };
		57E640FF250932070029563C /* NetworkManager.swift in Sources */ = {isa = PBXBuildFile; fileRef = 57E640FE250932070029563C /* NetworkManager.swift */; };
/* End PBXBuildFile section */

/* Begin PBXFileReference section */
		57023EC6250E747200CF58BF /* ProductModel.swift */ = {isa = PBXFileReference; lastKnownFileType = sourcecode.swift; path = ProductModel.swift; sourceTree = "<group>"; };
		57756D8725053B27007A4634 /* imdbClone.app */ = {isa = PBXFileReference; explicitFileType = wrapper.application; includeInIndex = 0; path = imdbClone.app; sourceTree = BUILT_PRODUCTS_DIR; };
		57756D8A25053B27007A4634 /* AppDelegate.swift */ = {isa = PBXFileReference; lastKnownFileType = sourcecode.swift; path = AppDelegate.swift; sourceTree = "<group>"; };
		57756D8C25053B27007A4634 /* SceneDelegate.swift */ = {isa = PBXFileReference; lastKnownFileType = sourcecode.swift; path = SceneDelegate.swift; sourceTree = "<group>"; };
		57756D9125053B27007A4634 /* Base */ = {isa = PBXFileReference; lastKnownFileType = file.storyboard; name = Base; path = Base.lproj/Main.storyboard; sourceTree = "<group>"; };
		57756D9325053B28007A4634 /* Assets.xcassets */ = {isa = PBXFileReference; lastKnownFileType = folder.assetcatalog; path = Assets.xcassets; sourceTree = "<group>"; };
		57756D9625053B28007A4634 /* Base */ = {isa = PBXFileReference; lastKnownFileType = file.storyboard; name = Base; path = Base.lproj/LaunchScreen.storyboard; sourceTree = "<group>"; };
		57756D9825053B28007A4634 /* Info.plist */ = {isa = PBXFileReference; lastKnownFileType = text.plist.xml; path = Info.plist; sourceTree = "<group>"; };
		57756D9E25053E41007A4634 /* HomeScreen.swift */ = {isa = PBXFileReference; lastKnownFileType = sourcecode.swift; path = HomeScreen.swift; sourceTree = "<group>"; };
		57C51C48250680CD0043E97E /* ProductCollectionViewCell.swift */ = {isa = PBXFileReference; lastKnownFileType = sourcecode.swift; path = ProductCollectionViewCell.swift; sourceTree = "<group>"; };
		57C51C49250680CD0043E97E /* ProductCollectionViewCell.xib */ = {isa = PBXFileReference; lastKnownFileType = file.xib; path = ProductCollectionViewCell.xib; sourceTree = "<group>"; };
		57C51C4F250685D10043E97E /* ProductDto.swift */ = {isa = PBXFileReference; lastKnownFileType = sourcecode.swift; path = ProductDto.swift; sourceTree = "<group>"; };
		57E640FE250932070029563C /* NetworkManager.swift */ = {isa = PBXFileReference; lastKnownFileType = sourcecode.swift; path = NetworkManager.swift; sourceTree = "<group>"; };
/* End PBXFileReference section */

/* Begin PBXFrameworksBuildPhase section */
		57756D8425053B27007A4634 /* Frameworks */ = {
			isa = PBXFrameworksBuildPhase;
			buildActionMask = 2147483647;
			files = (
			);
			runOnlyForDeploymentPostprocessing = 0;
		};
/* End PBXFrameworksBuildPhase section */

/* Begin PBXGroup section */
		57756D7E25053B26007A4634 = {
			isa = PBXGroup;
			children = (
				57756D8925053B27007A4634 /* imdbClone */,
				57756D8825053B27007A4634 /* Products */,
			);
			sourceTree = "<group>";
		};
		57756D8825053B27007A4634 /* Products */ = {
			isa = PBXGroup;
			children = (
				57756D8725053B27007A4634 /* imdbClone.app */,
			);
			name = Products;
			sourceTree = "<group>";
		};
		57756D8925053B27007A4634 /* imdbClone */ = {
			isa = PBXGroup;
			children = (
				57C51C4C2506857F0043E97E /* Models */,
				57C51C462506803E0043E97E /* Cells */,
				57756D8A25053B27007A4634 /* AppDelegate.swift */,
				57756D8C25053B27007A4634 /* SceneDelegate.swift */,
				57756D9E25053E41007A4634 /* HomeScreen.swift */,
				57756D9025053B27007A4634 /* Main.storyboard */,
				57756D9325053B28007A4634 /* Assets.xcassets */,
				57756D9525053B28007A4634 /* LaunchScreen.storyboard */,
				57756D9825053B28007A4634 /* Info.plist */,
			);
			path = imdbClone;
			sourceTree = "<group>";
		};
		57C51C462506803E0043E97E /* Cells */ = {
			isa = PBXGroup;
			children = (
				57C51C48250680CD0043E97E /* ProductCollectionViewCell.swift */,
				57C51C49250680CD0043E97E /* ProductCollectionViewCell.xib */,
			);
			path = Cells;
			sourceTree = "<group>";
		};
		57C51C4C2506857F0043E97E /* Models */ = {
			isa = PBXGroup;
			children = (
				57C51C4F250685D10043E97E /* ProductDto.swift */,
				57E640FE250932070029563C /* NetworkManager.swift */,
				57023EC6250E747200CF58BF /* ProductModel.swift */,
			);
			path = Models;
			sourceTree = "<group>";
		};
/* End PBXGroup section */

/* Begin PBXNativeTarget section */
		57756D8625053B27007A4634 /* imdbClone */ = {
			isa = PBXNativeTarget;
			buildConfigurationList = 57756D9B25053B28007A4634 /* Build configuration list for PBXNativeTarget "imdbClone" */;
			buildPhases = (
				57756D8325053B27007A4634 /* Sources */,
				57756D8425053B27007A4634 /* Frameworks */,
				57756D8525053B27007A4634 /* Resources */,
			);
			buildRules = (
			);
			dependencies = (
			);
			name = imdbClone;
			productName = imdbClone;
			productReference = 57756D8725053B27007A4634 /* imdbClone.app */;
			productType = "com.apple.product-type.application";
		};
/* End PBXNativeTarget section */

/* Begin PBXProject section */
		57756D7F25053B26007A4634 /* Project object */ = {
			isa = PBXProject;
			attributes = {
				LastSwiftUpdateCheck = 1170;
				LastUpgradeCheck = 1170;
				ORGANIZATIONNAME = "Vaibhav Bisht";
				TargetAttributes = {
					57756D8625053B27007A4634 = {
						CreatedOnToolsVersion = 11.7;
					};
				};
			};
			buildConfigurationList = 57756D8225053B26007A4634 /* Build configuration list for PBXProject "imdbClone" */;
			compatibilityVersion = "Xcode 9.3";
			developmentRegion = en;
			hasScannedForEncodings = 0;
			knownRegions = (
				en,
				Base,
			);
			mainGroup = 57756D7E25053B26007A4634;
			productRefGroup = 57756D8825053B27007A4634 /* Products */;
			projectDirPath = "";
			projectRoot = "";
			targets = (
				57756D8625053B27007A4634 /* imdbClone */,
			);
		};
/* End PBXProject section */

/* Begin PBXResourcesBuildPhase section */
		57756D8525053B27007A4634 /* Resources */ = {
			isa = PBXResourcesBuildPhase;
			buildActionMask = 2147483647;
			files = (
				57756D9725053B28007A4634 /* LaunchScreen.storyboard in Resources */,
				57756D9425053B28007A4634 /* Assets.xcassets in Resources */,
				57C51C4B250680CD0043E97E /* ProductCollectionViewCell.xib in Resources */,
				57756D9225053B27007A4634 /* Main.storyboard in Resources */,
			);
			runOnlyForDeploymentPostprocessing = 0;
		};
/* End PBXResourcesBuildPhase section */

/* Begin PBXSourcesBuildPhase section */
		57756D8325053B27007A4634 /* Sources */ = {
			isa = PBXSourcesBuildPhase;
			buildActionMask = 2147483647;
			files = (
				57E640FF250932070029563C /* NetworkManager.swift in Sources */,
				57756D8B25053B27007A4634 /* AppDelegate.swift in Sources */,
				57756D8D25053B27007A4634 /* SceneDelegate.swift in Sources */,
				57C51C4A250680CD0043E97E /* ProductCollectionViewCell.swift in Sources */,
				57C51C50250685D10043E97E /* ProductDto.swift in Sources */,
				57023EC7250E747200CF58BF /* ProductModel.swift in Sources */,
				57756D9F25053E41007A4634 /* HomeScreen.swift in Sources */,
			);
			runOnlyForDeploymentPostprocessing = 0;
		};
/* End PBXSourcesBuildPhase section */

/* Begin PBXVariantGroup section */
		57756D9025053B27007A4634 /* Main.storyboard */ = {
			isa = PBXVariantGroup;
			children = (
				57756D9125053B27007A4634 /* Base */,
			);
			name = Main.storyboard;
			sourceTree = "<group>";
		};
		57756D9525053B28007A4634 /* LaunchScreen.storyboard */ = {
			isa = PBXVariantGroup;
			children = (
				57756D9625053B28007A4634 /* Base */,
			);
			name = LaunchScreen.storyboard;
			sourceTree = "<group>";
		};
/* End PBXVariantGroup section */

/* Begin XCBuildConfiguration section */
		57756D9925053B28007A4634 /* Debug */ = {
			isa = XCBuildConfiguration;
			buildSettings = {
				ALWAYS_SEARCH_USER_PATHS = NO;
				CLANG_ANALYZER_NONNULL = YES;
				CLANG_ANALYZER_NUMBER_OBJECT_CONVERSION = YES_AGGRESSIVE;
				CLANG_CXX_LANGUAGE_STANDARD = "gnu++14";
				CLANG_CXX_LIBRARY = "libc++";
				CLANG_ENABLE_MODULES = YES;
				CLANG_ENABLE_OBJC_ARC = YES;
				CLANG_ENABLE_OBJC_WEAK = YES;
				CLANG_WARN_BLOCK_CAPTURE_AUTORELEASING = YES;
				CLANG_WARN_BOOL_CONVERSION = YES;
				CLANG_WARN_COMMA = YES;
				CLANG_WARN_CONSTANT_CONVERSION = YES;
				CLANG_WARN_DEPRECATED_OBJC_IMPLEMENTATIONS = YES;
				CLANG_WARN_DIRECT_OBJC_ISA_USAGE = YES_ERROR;
				CLANG_WARN_DOCUMENTATION_COMMENTS = YES;
				CLANG_WARN_EMPTY_BODY = YES;
				CLANG_WARN_ENUM_CONVERSION = YES;
				CLANG_WARN_INFINITE_RECURSION = YES;
				CLANG_WARN_INT_CONVERSION = YES;
				CLANG_WARN_NON_LITERAL_NULL_CONVERSION = YES;
				CLANG_WARN_OBJC_IMPLICIT_RETAIN_SELF = YES;
				CLANG_WARN_OBJC_LITERAL_CONVERSION = YES;
				CLANG_WARN_OBJC_ROOT_CLASS = YES_ERROR;
				CLANG_WARN_RANGE_LOOP_ANALYSIS = YES;
				CLANG_WARN_STRICT_PROTOTYPES = YES;
				CLANG_WARN_SUSPICIOUS_MOVE = YES;
				CLANG_WARN_UNGUARDED_AVAILABILITY = YES_AGGRESSIVE;
				CLANG_WARN_UNREACHABLE_CODE = YES;
				CLANG_WARN__DUPLICATE_METHOD_MATCH = YES;
				COPY_PHASE_STRIP = NO;
				DEBUG_INFORMATION_FORMAT = dwarf;
				ENABLE_STRICT_OBJC_MSGSEND = YES;
				ENABLE_TESTABILITY = YES;
				GCC_C_LANGUAGE_STANDARD = gnu11;
				GCC_DYNAMIC_NO_PIC = NO;
				GCC_NO_COMMON_BLOCKS = YES;
				GCC_OPTIMIZATION_LEVEL = 0;
				GCC_PREPROCESSOR_DEFINITIONS = (
					"DEBUG=1",
					"$(inherited)",
				);
				GCC_WARN_64_TO_32_BIT_CONVERSION = YES;
				GCC_WARN_ABOUT_RETURN_TYPE = YES_ERROR;
				GCC_WARN_UNDECLARED_SELECTOR = YES;
				GCC_WARN_UNINITIALIZED_AUTOS = YES_AGGRESSIVE;
				GCC_WARN_UNUSED_FUNCTION = YES;
				GCC_WARN_UNUSED_VARIABLE = YES;
				IPHONEOS_DEPLOYMENT_TARGET = 13.7;
				MTL_ENABLE_DEBUG_INFO = INCLUDE_SOURCE;
				MTL_FAST_MATH = YES;
				ONLY_ACTIVE_ARCH = YES;
				SDKROOT = iphoneos;
				SWIFT_ACTIVE_COMPILATION_CONDITIONS = DEBUG;
				SWIFT_OPTIMIZATION_LEVEL = "-Onone";
			};
			name = Debug;
		};
		57756D9A25053B28007A4634 /* Release */ = {
			isa = XCBuildConfiguration;
			buildSettings = {
				ALWAYS_SEARCH_USER_PATHS = NO;
				CLANG_ANALYZER_NONNULL = YES;
				CLANG_ANALYZER_NUMBER_OBJECT_CONVERSION = YES_AGGRESSIVE;
				CLANG_CXX_LANGUAGE_STANDARD = "gnu++14";
				CLANG_CXX_LIBRARY = "libc++";
				CLANG_ENABLE_MODULES = YES;
				CLANG_ENABLE_OBJC_ARC = YES;
				CLANG_ENABLE_OBJC_WEAK = YES;
				CLANG_WARN_BLOCK_CAPTURE_AUTORELEASING = YES;
				CLANG_WARN_BOOL_CONVERSION = YES;
				CLANG_WARN_COMMA = YES;
				CLANG_WARN_CONSTANT_CONVERSION = YES;
				CLANG_WARN_DEPRECATED_OBJC_IMPLEMENTATIONS = YES;
				CLANG_WARN_DIRECT_OBJC_ISA_USAGE = YES_ERROR;
				CLANG_WARN_DOCUMENTATION_COMMENTS = YES;
				CLANG_WARN_EMPTY_BODY = YES;
				CLANG_WARN_ENUM_CONVERSION = YES;
				CLANG_WARN_INFINITE_RECURSION = YES;
				CLANG_WARN_INT_CONVERSION = YES;
				CLANG_WARN_NON_LITERAL_NULL_CONVERSION = YES;
				CLANG_WARN_OBJC_IMPLICIT_RETAIN_SELF = YES;
				CLANG_WARN_OBJC_LITERAL_CONVERSION = YES;
				CLANG_WARN_OBJC_ROOT_CLASS = YES_ERROR;
				CLANG_WARN_RANGE_LOOP_ANALYSIS = YES;
				CLANG_WARN_STRICT_PROTOTYPES = YES;
				CLANG_WARN_SUSPICIOUS_MOVE = YES;
				CLANG_WARN_UNGUARDED_AVAILABILITY = YES_AGGRESSIVE;
				CLANG_WARN_UNREACHABLE_CODE = YES;
				CLANG_WARN__DUPLICATE_METHOD_MATCH = YES;
				COPY_PHASE_STRIP = NO;
				DEBUG_INFORMATION_FORMAT = "dwarf-with-dsym";
				ENABLE_NS_ASSERTIONS = NO;
				ENABLE_STRICT_OBJC_MSGSEND = YES;
				GCC_C_LANGUAGE_STANDARD = gnu11;
				GCC_NO_COMMON_BLOCKS = YES;
				GCC_WARN_64_TO_32_BIT_CONVERSION = YES;
				GCC_WARN_ABOUT_RETURN_TYPE = YES_ERROR;
				GCC_WARN_UNDECLARED_SELECTOR = YES;
				GCC_WARN_UNINITIALIZED_AUTOS = YES_AGGRESSIVE;
				GCC_WARN_UNUSED_FUNCTION = YES;
				GCC_WARN_UNUSED_VARIABLE = YES;
				IPHONEOS_DEPLOYMENT_TARGET = 13.7;
				MTL_ENABLE_DEBUG_INFO = NO;
				MTL_FAST_MATH = YES;
				SDKROOT = iphoneos;
				SWIFT_COMPILATION_MODE = wholemodule;
				SWIFT_OPTIMIZATION_LEVEL = "-O";
				VALIDATE_PRODUCT = YES;
			};
			name = Release;
		};
		57756D9C25053B28007A4634 /* Debug */ = {
			isa = XCBuildConfiguration;
			buildSettings = {
				ASSETCATALOG_COMPILER_APPICON_NAME = AppIcon;
				CODE_SIGN_STYLE = Automatic;
				DEVELOPMENT_TEAM = BXD5262846;
				INFOPLIST_FILE = imdbClone/Info.plist;
				LD_RUNPATH_SEARCH_PATHS = (
					"$(inherited)",
					"@executable_path/Frameworks",
				);
				PRODUCT_BUNDLE_IDENTIFIER = com.vaibhav.imdbClone;
				PRODUCT_NAME = "$(TARGET_NAME)";
				SWIFT_VERSION = 5.0;
				TARGETED_DEVICE_FAMILY = "1,2";
			};
			name = Debug;
		};
		57756D9D25053B28007A4634 /* Release */ = {
			isa = XCBuildConfiguration;
			buildSettings = {
				ASSETCATALOG_COMPILER_APPICON_NAME = AppIcon;
				CODE_SIGN_STYLE = Automatic;
				DEVELOPMENT_TEAM = BXD5262846;
				INFOPLIST_FILE = imdbClone/Info.plist;
				LD_RUNPATH_SEARCH_PATHS = (
					"$(inherited)",
					"@executable_path/Frameworks",
				);
				PRODUCT_BUNDLE_IDENTIFIER = com.vaibhav.imdbClone;
				PRODUCT_NAME = "$(TARGET_NAME)";
				SWIFT_VERSION = 5.0;
				TARGETED_DEVICE_FAMILY = "1,2";
			};
			name = Release;
		};
/* End XCBuildConfiguration section */

/* Begin XCConfigurationList section */
		57756D8225053B26007A4634 /* Build configuration list for PBXProject "imdbClone" */ = {
			isa = XCConfigurationList;
			buildConfigurations = (
				57756D9925053B28007A4634 /* Debug */,
				57756D9A25053B28007A4634 /* Release */,
			);
			defaultConfigurationIsVisible = 0;
			defaultConfigurationName = Release;
		};
		57756D9B25053B28007A4634 /* Build configuration list for PBXNativeTarget "imdbClone" */ = {
			isa = XCConfigurationList;
			buildConfigurations = (
				57756D9C25053B28007A4634 /* Debug */,
				57756D9D25053B28007A4634 /* Release */,
			);
			defaultConfigurationIsVisible = 0;
			defaultConfigurationName = Release;
		};
/* End XCConfigurationList section */
	};
	rootObject = 57756D7F25053B26007A4634 /* Project object */;
}
